
Microsoft Visual Studio Solution File, Format Version 12.00
# Visual Studio Version 16
VisualStudioVersion = 16.0.29102.190
MinimumVisualStudioVersion = 10.0.40219.1
Project("{FAE04EC0-301F-11D3-BF4B-00C04F79EFBC}") = "MovieLibrary.WinForms", "MovieLibrary\MovieLibrary.WinForms.csproj", "{AA8C1648-5661-4BC1-B835-B8C19004E40C}"
EndProject
Project("{FAE04EC0-301F-11D3-BF4B-00C04F79EFBC}") = "MovieLibrary.Business", "MovieLibrary.Business\MovieLibrary.Business.csproj", "{381E7C0C-9722-4FBE-A0CB-9A034F661A82}"
EndProject
Project("{FAE04EC0-301F-11D3-BF4B-00C04F79EFBC}") = "MovieLibrary.FileSystem", "MovieLibrary.FileSystem\MovieLibrary.FileSystem.csproj", "{BBF3DC6C-5468-4B0B-8962-C83909607672}"
EndProject
Global
	GlobalSection(SolutionConfigurationPlatforms) = preSolution
		Debug|Any CPU = Debug|Any CPU
		Release|Any CPU = Release|Any CPU
	EndGlobalSection
	GlobalSection(ProjectConfigurationPlatforms) = postSolution
		{AA8C1648-5661-4BC1-B835-B8C19004E40C}.Debug|Any CPU.ActiveCfg = Debug|Any CPU
		{AA8C1648-5661-4BC1-B835-B8C19004E40C}.Debug|Any CPU.Build.0 = Debug|Any CPU
		{AA8C1648-5661-4BC1-B835-B8C19004E40C}.Release|Any CPU.ActiveCfg = Release|Any CPU
		{AA8C1648-5661-4BC1-B835-B8C19004E40C}.Release|Any CPU.Build.0 = Release|Any CPU
		{381E7C0C-9722-4FBE-A0CB-9A034F661A82}.Debug|Any CPU.ActiveCfg = Debug|Any CPU
		{381E7C0C-9722-4FBE-A0CB-9A034F661A82}.Debug|Any CPU.Build.0 = Debug|Any CPU
		{381E7C0C-9722-4FBE-A0CB-9A034F661A82}.Release|Any CPU.ActiveCfg = Release|Any CPU
		{381E7C0C-9722-4FBE-A0CB-9A034F661A82}.Release|Any CPU.Build.0 = Release|Any CPU
		{BBF3DC6C-5468-4B0B-8962-C83909607672}.Debug|Any CPU.ActiveCfg = Debug|Any CPU
		{BBF3DC6C-5468-4B0B-8962-C83909607672}.Debug|Any CPU.Build.0 = Debug|Any CPU
		{BBF3DC6C-5468-4B0B-8962-C83909607672}.Release|Any CPU.ActiveCfg = Release|Any CPU
		{BBF3DC6C-5468-4B0B-8962-C83909607672}.Release|Any CPU.Build.0 = Release|Any CPU
	EndGlobalSection
	GlobalSection(SolutionProperties) = preSolution
		HideSolutionNode = FALSE
	EndGlobalSection
	GlobalSection(ExtensibilityGlobals) = postSolution
		SolutionGuid = {2CB37350-EBE5-4A71-9EAC-81D1582E6D9C}
	EndGlobalSection
EndGlobal
